{
  "meteor": {},
  "dependencies": {
    "basePackages": {
      "iron-router": {},
      "moment": {},
      "ionicons": {},
      "collection-hooks": {},
      "houston": {},
      "autoform": {},
      "collection2": {},
      "bitlywrap": {},
      "zurb-foundation": {},
      "analytics": {},
      "fast-render": {},
      "headly": {},
      "analyticsjs": {}
    },
    "packages": {
      "iron-router": {
        "git": "https://github.com/EventedMind/iron-router.git",
        "tag": "v0.6.2",
        "commit": "ce56e58b45624dce992490f3a1c10f10d3948bae"
      },
      "moment": {
        "git": "https://github.com/acreeger/meteor-moment.git",
        "tag": "v2.5.1",
        "commit": "8c9bc5d3fc96705057737cb9743d555417f6e551"
      },
      "ionicons": {
        "git": "https://github.com/Pagebakers/meteor-ionicons.git",
        "tag": "v1.3.3",
        "commit": "782f9b99b098bfd1f82f36f9142e70cbbcc7e7e3"
      },
      "collection-hooks": {
        "git": "https://github.com/matb33/meteor-collection-hooks.git",
        "tag": "v0.6.2",
        "commit": "29484b2110206be93b01c6d11ce06ec9208de7bd"
      },
      "houston": {
        "git": "https://github.com/gterrono/meteor-admin-ui.git",
        "tag": "v1.0.0",
        "commit": "e98660af09cb3e4e90848abfe943a06e7068cccc"
      },
      "autoform": {
        "git": "https://github.com/aldeed/meteor-autoform.git",
        "tag": "v0.4.13",
        "commit": "105803e4d42308893fbda30585dbdb4a38077e9a"
      },
      "collection2": {
        "git": "https://github.com/aldeed/meteor-collection2.git",
        "tag": "v0.3.7",
        "commit": "4c6c2dfd87af8cda321c80e1baea72842ad5c542"
      },
      "bitlywrap": {
        "git": "https://github.com/lacco/meteor-bitlywrap.git",
        "tag": "v0.1.0",
        "commit": "267f361d2a748c6d28b8e0b6f11f51d2a214e498"
      },
      "zurb-foundation": {
        "git": "https://github.com/MixinLabs/meteor-foundation.git",
        "tag": "v0.1.10",
        "commit": "545234bc38f7a747a5d69b48f75c5cc77ca8382f"
      },
      "analytics": {
        "git": "https://github.com/Tarangp/Meteor-Analytics.git",
        "tag": "v0.3.9",
        "commit": "8efca2c6e006bc75f97ff4c3002a2f9ab1a6b91b"
      },
      "fast-render": {
        "git": "https://github.com/arunoda/meteor-fast-render.git",
        "tag": "v0.1.12",
        "commit": "b190f1592401f4084ce54b8f713b134e35a4e0db"
      },
      "headly": {
        "git": "https://github.com/ayal/headly",
        "tag": "v0.0.514",
        "commit": "a200e5d37c12ad15fa3d690bb645c5fc9477993d"
      },
      "analyticsjs": {
        "git": "https://github.com/nate-strauser/meteor-analyticsjs.git",
        "tag": "v0.1.3",
        "commit": "a4d3451eb4ba701798dfbc089cc753ebc81487b5"
      },
      "paginated-subscription": {
        "git": "https://github.com/tmeasday/meteor-paginated-subscription.git",
        "tag": "v0.1.2",
        "commit": "35e0c6112df2b4cfeb60b559276a93cac5ee2dd6"
      },
      "spin": {
        "git": "https://github.com/SachaG/meteor-spin.git",
        "tag": "v0.2.2",
        "commit": "3f655f0016228e4195acc784c45d3e3a247dc39f"
      },
      "simple-schema": {
        "git": "https://github.com/aldeed/meteor-simple-schema.git",
        "tag": "v0.2.36",
        "commit": "d01745787de0711ffd095dcd212749d94a3fe0eb"
      }
    }
  }
}
