{
  "meteor": {},
  "dependencies": {
    "basePackages": {
      "iron-router": {},
      "moment": {},
      "ionicons": {},
      "collection-hooks": {},
      "houston": {},
      "autoform": {},
      "collection2": {},
      "bitlywrap": {},
      "zurb-foundation": {},
      "analytics": {},
      "fast-render": {}
    },
    "packages": {
      "iron-router": {
        "git": "https://github.com/EventedMind/iron-router.git",
        "tag": "v0.6.2",
        "commit": "ce56e58b45624dce992490f3a1c10f10d3948bae"
      },
      "moment": {
        "git": "https://github.com/acreeger/meteor-moment.git",
        "tag": "v2.2.1",
        "commit": "9ee12e714afe56b189f53076447b7b54f3012065"
      },
      "ionicons": {
        "git": "https://github.com/Pagebakers/meteor-ionicons.git",
        "tag": "v1.3.3",
        "commit": "782f9b99b098bfd1f82f36f9142e70cbbcc7e7e3"
      },
      "collection-hooks": {
        "git": "https://github.com/matb33/meteor-collection-hooks.git",
        "tag": "v0.6.2",
        "commit": "29484b2110206be93b01c6d11ce06ec9208de7bd"
      },
      "houston": {
        "git": "https://github.com/gterrono/meteor-admin-ui.git",
        "tag": "v1.0.0",
        "commit": "e98660af09cb3e4e90848abfe943a06e7068cccc"
      },
      "autoform": {
        "git": "https://github.com/aldeed/meteor-autoform.git",
        "tag": "v0.4.10",
        "commit": "6f02c8f8f97ae82b7b4d1e2a529edfa3700b6e9b"
      },
      "collection2": {
        "git": "https://github.com/aldeed/meteor-collection2.git",
        "tag": "v0.3.3",
        "commit": "d5c99b1c0fe30778e683175ecb0dd36529e6271e"
      },
      "bitlywrap": {
        "git": "https://github.com/lacco/meteor-bitlywrap.git",
        "tag": "v0.1.0",
        "commit": "267f361d2a748c6d28b8e0b6f11f51d2a214e498"
      },
      "zurb-foundation": {
        "git": "https://github.com/MixinLabs/meteor-foundation.git",
        "tag": "v0.1.10",
        "commit": "545234bc38f7a747a5d69b48f75c5cc77ca8382f"
      },
      "analytics": {
        "git": "https://github.com/Tarangp/Meteor-Analytics.git",
        "tag": "v0.3.6",
        "commit": "faff82d9417d82e6057e5c27eab2ff2032622d97"
      },
      "fast-render": {
        "git": "https://github.com/arunoda/meteor-fast-render.git",
        "tag": "v0.1.11",
        "commit": "7514e0e8f6f387f7ba510eb633568831a066b481"
      },
      "paginated-subscription": {
        "git": "https://github.com/tmeasday/meteor-paginated-subscription.git",
        "tag": "v0.1.2",
        "commit": "35e0c6112df2b4cfeb60b559276a93cac5ee2dd6"
      },
      "spin": {
        "git": "https://github.com/SachaG/meteor-spin.git",
        "tag": "v0.2.2",
        "commit": "3f655f0016228e4195acc784c45d3e3a247dc39f"
      },
      "simple-schema": {
        "git": "https://github.com/aldeed/meteor-simple-schema.git",
        "tag": "v0.2.29",
        "commit": "dc40caf4eaaeb456e1a4e7e227ad326bcd5607b5"
      }
    }
  }
}
